
Microsoft Visual Studio Solution File, Format Version 12.00
# Visual Studio Version 17
VisualStudioVersion = 17.0.32112.339
MinimumVisualStudioVersion = 10.0.40219.1
Project("{9A19103F-16F7-4668-BE54-9A1E7A4F7556}") = "RudeBot", "RudeBot\RudeBot.csproj", "{3C241034-3504-4D75-9D90-CFE482EBE3F5}"
EndProject
Project("{E53339B2-1760-4266-BCC7-CA923CBCF16C}") = "docker-compose", "docker-compose.dcproj", "{5CAB60AC-DEEA-4BDA-9452-59830E9262CC}"
EndProject
Project("{FAE04EC0-301F-11D3-BF4B-00C04F79EFBC}") = "DatabaseChatMigrator", "DatabaseChatMigrator\DatabaseChatMigrator.csproj", "{2A8F53C5-5470-4DC3-89B7-055AE45EED08}"
EndProject
Project("{FAE04EC0-301F-11D3-BF4B-00C04F79EFBC}") = "RudeBot.Tests", "RudeBot.Tests\RudeBot.Tests.csproj", "{AE0834C0-1C17-403E-AFE8-44636B49E79B}"
EndProject
Global
	GlobalSection(SolutionConfigurationPlatforms) = preSolution
		Debug|Any CPU = Debug|Any CPU
		Release|Any CPU = Release|Any CPU
	EndGlobalSection
	GlobalSection(ProjectConfigurationPlatforms) = postSolution
		{3C241034-3504-4D75-9D90-CFE482EBE3F5}.Debug|Any CPU.ActiveCfg = Debug|Any CPU
		{3C241034-3504-4D75-9D90-CFE482EBE3F5}.Debug|Any CPU.Build.0 = Debug|Any CPU
		{3C241034-3504-4D75-9D90-CFE482EBE3F5}.Release|Any CPU.ActiveCfg = Release|Any CPU
		{3C241034-3504-4D75-9D90-CFE482EBE3F5}.Release|Any CPU.Build.0 = Release|Any CPU
		{5CAB60AC-DEEA-4BDA-9452-59830E9262CC}.Debug|Any CPU.ActiveCfg = Debug|Any CPU
		{5CAB60AC-DEEA-4BDA-9452-59830E9262CC}.Debug|Any CPU.Build.0 = Debug|Any CPU
		{5CAB60AC-DEEA-4BDA-9452-59830E9262CC}.Release|Any CPU.ActiveCfg = Release|Any CPU
		{5CAB60AC-DEEA-4BDA-9452-59830E9262CC}.Release|Any CPU.Build.0 = Release|Any CPU
		{2A8F53C5-5470-4DC3-89B7-055AE45EED08}.Debug|Any CPU.ActiveCfg = Debug|Any CPU
		{2A8F53C5-5470-4DC3-89B7-055AE45EED08}.Debug|Any CPU.Build.0 = Debug|Any CPU
		{2A8F53C5-5470-4DC3-89B7-055AE45EED08}.Release|Any CPU.ActiveCfg = Release|Any CPU
		{2A8F53C5-5470-4DC3-89B7-055AE45EED08}.Release|Any CPU.Build.0 = Release|Any CPU
		{AE0834C0-1C17-403E-AFE8-44636B49E79B}.Debug|Any CPU.ActiveCfg = Debug|Any CPU
		{AE0834C0-1C17-403E-AFE8-44636B49E79B}.Debug|Any CPU.Build.0 = Debug|Any CPU
		{AE0834C0-1C17-403E-AFE8-44636B49E79B}.Release|Any CPU.ActiveCfg = Release|Any CPU
		{AE0834C0-1C17-403E-AFE8-44636B49E79B}.Release|Any CPU.Build.0 = Release|Any CPU
	EndGlobalSection
	GlobalSection(SolutionProperties) = preSolution
		HideSolutionNode = FALSE
	EndGlobalSection
	GlobalSection(ExtensibilityGlobals) = postSolution
		SolutionGuid = {1222705F-78A3-4DC6-A032-4A8F54F334BF}
	EndGlobalSection
EndGlobal
